
Microsoft Visual Studio Solution File, Format Version 12.00
# Visual Studio 14
VisualStudioVersion = 14.0.23107.0
MinimumVisualStudioVersion = 10.0.40219.1
Project("{FAE04EC0-301F-11D3-BF4B-00C04F79EFBC}") = "TerryDunBrokeItAndNowDanielMustFix", "TerryDunBrokeItAndNowDanielMustFix\TerryDunBrokeItAndNowDanielMustFix.csproj", "{8C9D904E-2F27-49C2-A909-4F54CF86C575}"
EndProject
Project("{FAE04EC0-301F-11D3-BF4B-00C04F79EFBC}") = "Prepd Dropbox Bypass", "..\..\..\Windows Development\Prepd Dropbox Bypass\Prepd Dropbox Bypass\Prepd Dropbox Bypass.csproj", "{C44B64A7-3B53-4063-BB54-C2AF87E1F0BC}"
EndProject
Global
	GlobalSection(SolutionConfigurationPlatforms) = preSolution
		Debug|Any CPU = Debug|Any CPU
		Release|Any CPU = Release|Any CPU
	EndGlobalSection
	GlobalSection(ProjectConfigurationPlatforms) = postSolution
		{8C9D904E-2F27-49C2-A909-4F54CF86C575}.Debug|Any CPU.ActiveCfg = Debug|Any CPU
		{8C9D904E-2F27-49C2-A909-4F54CF86C575}.Debug|Any CPU.Build.0 = Debug|Any CPU
		{8C9D904E-2F27-49C2-A909-4F54CF86C575}.Release|Any CPU.ActiveCfg = Release|Any CPU
		{8C9D904E-2F27-49C2-A909-4F54CF86C575}.Release|Any CPU.Build.0 = Release|Any CPU
		{C44B64A7-3B53-4063-BB54-C2AF87E1F0BC}.Debug|Any CPU.ActiveCfg = Debug|Any CPU
		{C44B64A7-3B53-4063-BB54-C2AF87E1F0BC}.Debug|Any CPU.Build.0 = Debug|Any CPU
		{C44B64A7-3B53-4063-BB54-C2AF87E1F0BC}.Release|Any CPU.ActiveCfg = Release|Any CPU
		{C44B64A7-3B53-4063-BB54-C2AF87E1F0BC}.Release|Any CPU.Build.0 = Release|Any CPU
	EndGlobalSection
	GlobalSection(SolutionProperties) = preSolution
		HideSolutionNode = FALSE
	EndGlobalSection
EndGlobal
